
Microsoft Visual Studio Solution File, Format Version 12.00
# Visual Studio 2012
Project("{FAE04EC0-301F-11D3-BF4B-00C04F79EFBC}") = "MTSOnlineExamination", "MTSOnlineExamination\MTSOnlineExamination.csproj", "{FA32C508-2606-4FF5-BA80-6212CAFB8D0D}"
EndProject
Project("{FAE04EC0-301F-11D3-BF4B-00C04F79EFBC}") = "ExaminationService", "ExaminationService\ExaminationService.csproj", "{4229FD72-A308-4E86-AA5B-BD134DC7990C}"
EndProject
Global
	GlobalSection(SolutionConfigurationPlatforms) = preSolution
		Debug|Any CPU = Debug|Any CPU
		Debug|x86 = Debug|x86
		Release|Any CPU = Release|Any CPU
		Release|x86 = Release|x86
	EndGlobalSection
	GlobalSection(ProjectConfigurationPlatforms) = postSolution
		{FA32C508-2606-4FF5-BA80-6212CAFB8D0D}.Debug|Any CPU.ActiveCfg = Debug|Any CPU
		{FA32C508-2606-4FF5-BA80-6212CAFB8D0D}.Debug|Any CPU.Build.0 = Debug|Any CPU
		{FA32C508-2606-4FF5-BA80-6212CAFB8D0D}.Debug|x86.ActiveCfg = Debug|x86
		{FA32C508-2606-4FF5-BA80-6212CAFB8D0D}.Debug|x86.Build.0 = Debug|x86
		{FA32C508-2606-4FF5-BA80-6212CAFB8D0D}.Release|Any CPU.ActiveCfg = Release|Any CPU
		{FA32C508-2606-4FF5-BA80-6212CAFB8D0D}.Release|Any CPU.Build.0 = Release|Any CPU
		{FA32C508-2606-4FF5-BA80-6212CAFB8D0D}.Release|x86.ActiveCfg = Release|x86
		{FA32C508-2606-4FF5-BA80-6212CAFB8D0D}.Release|x86.Build.0 = Release|x86
		{4229FD72-A308-4E86-AA5B-BD134DC7990C}.Debug|Any CPU.ActiveCfg = Debug|Any CPU
		{4229FD72-A308-4E86-AA5B-BD134DC7990C}.Debug|Any CPU.Build.0 = Debug|Any CPU
		{4229FD72-A308-4E86-AA5B-BD134DC7990C}.Debug|x86.ActiveCfg = Debug|x86
		{4229FD72-A308-4E86-AA5B-BD134DC7990C}.Debug|x86.Build.0 = Debug|x86
		{4229FD72-A308-4E86-AA5B-BD134DC7990C}.Release|Any CPU.ActiveCfg = Release|Any CPU
		{4229FD72-A308-4E86-AA5B-BD134DC7990C}.Release|Any CPU.Build.0 = Release|Any CPU
		{4229FD72-A308-4E86-AA5B-BD134DC7990C}.Release|x86.ActiveCfg = Release|x86
		{4229FD72-A308-4E86-AA5B-BD134DC7990C}.Release|x86.Build.0 = Release|x86
	EndGlobalSection
	GlobalSection(SolutionProperties) = preSolution
		HideSolutionNode = FALSE
	EndGlobalSection
EndGlobal
